{
    "_meta": {
        "hash": {
            "sha256": "44592e4f7103f410a5739e877623db7d3a8e5ee72c13503247cee490df834b09"
        },
        "pipfile-spec": 6,
        "requires": {
            "python_version": "3.10"
        },
        "sources": [
            {
                "name": "pypi",
                "url": "https://pypi.org/simple",
                "verify_ssl": true
            }
        ]
    },
    "default": {},
    "develop": {
        "importlib-metadata": {
            "hashes": [
                "sha256:30962b96c0c223483ed6cc7280e7f0199feb01a0e40cfae4d4450fc6fab1f570",
                "sha256:b78938b926ee8d5f020fc4772d487045805a55ddbad2ecf21c6d60938dc7fcd2"
            ],
            "markers": "python_version >= '3.8'",
            "version": "==7.1.0"
        },
        "mpremote": {
            "hashes": [
                "sha256:dbde10972819c1e0491d883adb8cbd17288246739adabddbf4a172e61ae00220",
                "sha256:e89750702bd0b1ce8b58101777f379986ffffe3915632cf1a9010309f01efcc6"
            ],
            "index": "pypi",
            "markers": "python_version >= '3.4'",
            "version": "==1.22.0"
        },
        "pyserial": {
            "hashes": [
                "sha256:3c77e014170dfffbd816e6ffc205e9842efb10be9f58ec16d3e8675b4925cddb",
                "sha256:c4451db6ba391ca6ca299fb3ec7bae67a5c55dde170964c7a14ceefec02f2cf0"
            ],
            "version": "==3.5"
        },
        "pyudev": {
            "hashes": [
                "sha256:75e54d37218f5ac45b0da1f0fd9cc5e526a3cac3ef1cfad410cf7ab338b01471",
                "sha256:da7e977be15fb5eccf8797b8e2176cd5b4f39288707cdcb39d1cabe7c8793e2b"
            ],
            "markers": "python_version >= '3.7'",
            "version": "==0.24.1"
        },
        "rshell": {
            "hashes": [
                "sha256:7eb230676d49cd5831452f8aa2e0630d284708fd650a8530c324b2da8146709f"
            ],
            "index": "pypi",
            "version": "==0.0.32"
        },
        "zipp": {
            "hashes": [
                "sha256:206f5a15f2af3dbaee80769fb7dc6f249695e940acca08dfb2a4769fe61e538b",
                "sha256:2884ed22e7d8961de1c9a05142eb69a247f120291bc0206a00a7642f09b5b715"
            ],
            "markers": "python_version >= '3.8'",
            "version": "==3.18.1"
        }
    }
}
